
Microsoft Visual Studio Solution File, Format Version 12.00
# Visual Studio Version 16
VisualStudioVersion = 16.0.30413.136
MinimumVisualStudioVersion = 10.0.40219.1
Project("{FAE04EC0-301F-11D3-BF4B-00C04F79EFBC}") = "Övning 1.2", "Övning 1.2.csproj", "{6E55253C-4CD0-4322-843E-4C2CC38184F5}"
EndProject
Global
	GlobalSection(SolutionConfigurationPlatforms) = preSolution
		Debug|Any CPU = Debug|Any CPU
		Release|Any CPU = Release|Any CPU
	EndGlobalSection
	GlobalSection(ProjectConfigurationPlatforms) = postSolution
		{6E55253C-4CD0-4322-843E-4C2CC38184F5}.Debug|Any CPU.ActiveCfg = Debug|Any CPU
		{6E55253C-4CD0-4322-843E-4C2CC38184F5}.Debug|Any CPU.Build.0 = Debug|Any CPU
		{6E55253C-4CD0-4322-843E-4C2CC38184F5}.Release|Any CPU.ActiveCfg = Release|Any CPU
		{6E55253C-4CD0-4322-843E-4C2CC38184F5}.Release|Any CPU.Build.0 = Release|Any CPU
	EndGlobalSection
	GlobalSection(SolutionProperties) = preSolution
		HideSolutionNode = FALSE
	EndGlobalSection
	GlobalSection(ExtensibilityGlobals) = postSolution
		SolutionGuid = {106E6719-8A9D-4FAF-B393-CCA273B1FDE2}
	EndGlobalSection
EndGlobal
